{
  "name": "amplitude-client",
  "version": "1.0.62",
  "lockfileVersion": 2,
  "requires": true,
  "packages": {
    "": {
      "name": "amplitude-client",
      "version": "1.0.62",
      "license": "ISC",
      "dependencies": {
        "@amplitude/analytics-browser": "^2.1.2",
        "typescript": "^5.1.6"
      },
      "devDependencies": {}
    },
    "node_modules/@amplitude/analytics-browser": {
      "version": "2.1.2",
      "resolved": "https://registry.npmjs.org/@amplitude/analytics-browser/-/analytics-browser-2.1.2.tgz",
      "integrity": "sha512-1XoWJmLgGrszxupz61yCjen53bq7+kJN2gedu+kSrq/Ze9ow5R5QI0YfLyuzi1FHchzmSVWd2PheXOVYC4K/Cw==",
      "dependencies": {
        "@amplitude/analytics-client-common": "^2.0.4",
        "@amplitude/analytics-core": "^2.0.3",
        "@amplitude/analytics-types": "^2.1.1",
        "@amplitude/plugin-page-view-tracking-browser": "^2.0.4",
        "@amplitude/plugin-web-attribution-browser": "^2.0.4",
        "tslib": "^2.4.1"
      }
    },
    "node_modules/@amplitude/analytics-client-common": {
      "version": "2.0.4",
      "resolved": "https://registry.npmjs.org/@amplitude/analytics-client-common/-/analytics-client-common-2.0.4.tgz",
      "integrity": "sha512-X0+zE8sODcQ2ioj9ZB98Gr/9FCRDiJuSixefaLrfng/4x5VwHK0if8biCqqBHXu6HlMpeMFrCyiABUTDT87QVA==",
      "dependencies": {
        "@amplitude/analytics-connector": "^1.4.8",
        "@amplitude/analytics-core": "^2.0.3",
        "@amplitude/analytics-types": "^2.1.1",
        "tslib": "^2.4.1"
      }
    },
    "node_modules/@amplitude/analytics-connector": {
      "version": "1.4.8",
      "resolved": "https://registry.npmjs.org/@amplitude/analytics-connector/-/analytics-connector-1.4.8.tgz",
      "integrity": "sha512-dFW7c7Wb6Ng7vbmzwbaXZSpqfBx37ukamJV9ErFYYS8vGZK/Hkbt3M7fZHBI4WFU6CCwakr2ZXPme11uGPYWkQ=="
    },
    "node_modules/@amplitude/analytics-core": {
      "version": "2.0.3",
      "resolved": "https://registry.npmjs.org/@amplitude/analytics-core/-/analytics-core-2.0.3.tgz",
      "integrity": "sha512-tpD1gCmPpzPNPumQT1ecOJtuan5OsQdKp9AX8YKc7t1/K3xHzGo3FH3JvdaAJVYYWeZV40bp/JL6wJiYIzyZjA==",
      "dependencies": {
        "@amplitude/analytics-types": "^2.1.1",
        "tslib": "^2.4.1"
      }
    },
    "node_modules/@amplitude/analytics-types": {
      "version": "2.1.1",
      "resolved": "https://registry.npmjs.org/@amplitude/analytics-types/-/analytics-types-2.1.1.tgz",
      "integrity": "sha512-H3vebPR9onRdp0WzAZmI/4qmAE903uLOd2ZfMeHsVc1zaFTTCk46SoCuV4IrlF+VILrDw9Fy6gC9yl5N2PZcJQ=="
    },
    "node_modules/@amplitude/plugin-page-view-tracking-browser": {
      "version": "2.0.4",
      "resolved": "https://registry.npmjs.org/@amplitude/plugin-page-view-tracking-browser/-/plugin-page-view-tracking-browser-2.0.4.tgz",
      "integrity": "sha512-XQlgydCmfUb+mkXjD8NoOU80eO/578m2AupRcV0dPKwk+VN5D7D1s+xXYM6Bg7l1HSJx2mt0Qwa5xsdSCFzF2g==",
      "dependencies": {
        "@amplitude/analytics-client-common": "^2.0.4",
        "@amplitude/analytics-types": "^2.1.1",
        "tslib": "^2.4.1"
      }
    },
    "node_modules/@amplitude/plugin-web-attribution-browser": {
      "version": "2.0.4",
      "resolved": "https://registry.npmjs.org/@amplitude/plugin-web-attribution-browser/-/plugin-web-attribution-browser-2.0.4.tgz",
      "integrity": "sha512-y/VQjDH7tnevRlKO9IWzELF9L87MwiR+y7WCRxR5/wRGKDxKS5Ol33vHYWe1RaOzkC/7wO0px7pZGRZkj/X+1Q==",
      "dependencies": {
        "@amplitude/analytics-client-common": "^2.0.4",
        "@amplitude/analytics-core": "^2.0.3",
        "@amplitude/analytics-types": "^2.1.1",
        "tslib": "^2.4.1"
      }
    },
    "node_modules/tslib": {
      "version": "2.6.0",
      "resolved": "https://registry.npmjs.org/tslib/-/tslib-2.6.0.tgz",
      "integrity": "sha512-7At1WUettjcSRHXCyYtTselblcHl9PJFFVKiCAy/bY97+BPZXSQ2wbq0P9s8tK2G7dFQfNnlJnPAiArVBVBsfA=="
    },
    "node_modules/typescript": {
      "version": "5.1.6",
      "resolved": "https://registry.npmjs.org/typescript/-/typescript-5.1.6.tgz",
      "integrity": "sha512-zaWCozRZ6DLEWAWFrVDz1H6FVXzUSfTy5FUMWsQlU8Ym5JP9eO4xkTIROFCQvhQf61z6O/G6ugw3SgAnvvm+HA==",
      "bin": {
        "tsc": "bin/tsc",
        "tsserver": "bin/tsserver"
      },
      "engines": {
        "node": ">=14.17"
      }
    }
  },
  "dependencies": {
    "@amplitude/analytics-browser": {
      "version": "2.1.2",
      "resolved": "https://registry.npmjs.org/@amplitude/analytics-browser/-/analytics-browser-2.1.2.tgz",
      "integrity": "sha512-1XoWJmLgGrszxupz61yCjen53bq7+kJN2gedu+kSrq/Ze9ow5R5QI0YfLyuzi1FHchzmSVWd2PheXOVYC4K/Cw==",
      "requires": {
        "@amplitude/analytics-client-common": "^2.0.4",
        "@amplitude/analytics-core": "^2.0.3",
        "@amplitude/analytics-types": "^2.1.1",
        "@amplitude/plugin-page-view-tracking-browser": "^2.0.4",
        "@amplitude/plugin-web-attribution-browser": "^2.0.4",
        "tslib": "^2.4.1"
      }
    },
    "@amplitude/analytics-client-common": {
      "version": "2.0.4",
      "resolved": "https://registry.npmjs.org/@amplitude/analytics-client-common/-/analytics-client-common-2.0.4.tgz",
      "integrity": "sha512-X0+zE8sODcQ2ioj9ZB98Gr/9FCRDiJuSixefaLrfng/4x5VwHK0if8biCqqBHXu6HlMpeMFrCyiABUTDT87QVA==",
      "requires": {
        "@amplitude/analytics-connector": "^1.4.8",
        "@amplitude/analytics-core": "^2.0.3",
        "@amplitude/analytics-types": "^2.1.1",
        "tslib": "^2.4.1"
      }
    },
    "@amplitude/analytics-connector": {
      "version": "1.4.8",
      "resolved": "https://registry.npmjs.org/@amplitude/analytics-connector/-/analytics-connector-1.4.8.tgz",
      "integrity": "sha512-dFW7c7Wb6Ng7vbmzwbaXZSpqfBx37ukamJV9ErFYYS8vGZK/Hkbt3M7fZHBI4WFU6CCwakr2ZXPme11uGPYWkQ=="
    },
    "@amplitude/analytics-core": {
      "version": "2.0.3",
      "resolved": "https://registry.npmjs.org/@amplitude/analytics-core/-/analytics-core-2.0.3.tgz",
      "integrity": "sha512-tpD1gCmPpzPNPumQT1ecOJtuan5OsQdKp9AX8YKc7t1/K3xHzGo3FH3JvdaAJVYYWeZV40bp/JL6wJiYIzyZjA==",
      "requires": {
        "@amplitude/analytics-types": "^2.1.1",
        "tslib": "^2.4.1"
      }
    },
    "@amplitude/analytics-types": {
      "version": "2.1.1",
      "resolved": "https://registry.npmjs.org/@amplitude/analytics-types/-/analytics-types-2.1.1.tgz",
      "integrity": "sha512-H3vebPR9onRdp0WzAZmI/4qmAE903uLOd2ZfMeHsVc1zaFTTCk46SoCuV4IrlF+VILrDw9Fy6gC9yl5N2PZcJQ=="
    },
    "@amplitude/plugin-page-view-tracking-browser": {
      "version": "2.0.4",
      "resolved": "https://registry.npmjs.org/@amplitude/plugin-page-view-tracking-browser/-/plugin-page-view-tracking-browser-2.0.4.tgz",
      "integrity": "sha512-XQlgydCmfUb+mkXjD8NoOU80eO/578m2AupRcV0dPKwk+VN5D7D1s+xXYM6Bg7l1HSJx2mt0Qwa5xsdSCFzF2g==",
      "requires": {
        "@amplitude/analytics-client-common": "^2.0.4",
        "@amplitude/analytics-types": "^2.1.1",
        "tslib": "^2.4.1"
      }
    },
    "@amplitude/plugin-web-attribution-browser": {
      "version": "2.0.4",
      "resolved": "https://registry.npmjs.org/@amplitude/plugin-web-attribution-browser/-/plugin-web-attribution-browser-2.0.4.tgz",
      "integrity": "sha512-y/VQjDH7tnevRlKO9IWzELF9L87MwiR+y7WCRxR5/wRGKDxKS5Ol33vHYWe1RaOzkC/7wO0px7pZGRZkj/X+1Q==",
      "requires": {
        "@amplitude/analytics-client-common": "^2.0.4",
        "@amplitude/analytics-core": "^2.0.3",
        "@amplitude/analytics-types": "^2.1.1",
        "tslib": "^2.4.1"
      }
    },
    "tslib": {
      "version": "2.6.0",
      "resolved": "https://registry.npmjs.org/tslib/-/tslib-2.6.0.tgz",
      "integrity": "sha512-7At1WUettjcSRHXCyYtTselblcHl9PJFFVKiCAy/bY97+BPZXSQ2wbq0P9s8tK2G7dFQfNnlJnPAiArVBVBsfA=="
    },
    "typescript": {
      "version": "5.1.6",
      "resolved": "https://registry.npmjs.org/typescript/-/typescript-5.1.6.tgz",
      "integrity": "sha512-zaWCozRZ6DLEWAWFrVDz1H6FVXzUSfTy5FUMWsQlU8Ym5JP9eO4xkTIROFCQvhQf61z6O/G6ugw3SgAnvvm+HA=="
    }
  }
}
